
Microsoft Visual Studio Solution File, Format Version 12.00
Project("{FAE04EC0-301F-11D3-BF4B-00C04F79EFBC}") = "Portfolio.Domain", "Portfolio.Domain\Portfolio.Domain.csproj", "{95B39C9A-8AE6-4D13-8821-65D95BA0946E}"
EndProject
Project("{2150E333-8FDC-42A3-9474-1A3956D46DE8}") = "tests", "tests", "{272096BD-EE84-4A4D-A6C5-E37BE47D4C7C}"
EndProject
Project("{FAE04EC0-301F-11D3-BF4B-00C04F79EFBC}") = "Portfolio.Test.Shared", "Portfolio.Test.Shared\Portfolio.Test.Shared.csproj", "{EF1E30EA-1EAC-4E0E-9412-7A3CE8E84908}"
EndProject
Project("{FAE04EC0-301F-11D3-BF4B-00C04F79EFBC}") = "Portfolio.Grpc", "Portfolio.Grpc\Portfolio.Grpc.csproj", "{E5931356-C895-41C2-A5EE-EF28AE1929AC}"
EndProject
Project("{2150E333-8FDC-42A3-9474-1A3956D46DE8}") = "Solution Items", "Solution Items", "{9ED2A1D9-8316-4C0A-998B-340B46C38C18}"
	ProjectSection(SolutionItems) = preProject
		compose.yml = compose.yml
	EndProjectSection
EndProject
Project("{2150E333-8FDC-42A3-9474-1A3956D46DE8}") = "src", "src", "{92834DD4-B928-4848-915C-4363AAAC784B}"
EndProject
Project("{FAE04EC0-301F-11D3-BF4B-00C04F79EFBC}") = "Portfolio.Ui", "Portfolio.Ui\Portfolio.Ui.csproj", "{F768DF0D-0FC6-4D05-AB0B-1C00DB970F74}"
EndProject
Project("{FAE04EC0-301F-11D3-BF4B-00C04F79EFBC}") = "Portfolio.Infrastructure", "Portfolio.Infrastructure\Portfolio.Infrastructure.csproj", "{DB88BE8E-7FC2-454B-AE8C-8F3AA14B207B}"
EndProject
Project("{FAE04EC0-301F-11D3-BF4B-00C04F79EFBC}") = "Portfolio.Test.Infrastructure", "Portfolio.Test.Infrastructure\Portfolio.Test.Infrastructure.csproj", "{6993D7E8-9100-42CF-9855-3496FB31F7B0}"
EndProject
Global
	GlobalSection(SolutionConfigurationPlatforms) = preSolution
		Debug|Any CPU = Debug|Any CPU
		Release|Any CPU = Release|Any CPU
	EndGlobalSection
	GlobalSection(ProjectConfigurationPlatforms) = postSolution
		{95B39C9A-8AE6-4D13-8821-65D95BA0946E}.Debug|Any CPU.ActiveCfg = Debug|Any CPU
		{95B39C9A-8AE6-4D13-8821-65D95BA0946E}.Debug|Any CPU.Build.0 = Debug|Any CPU
		{95B39C9A-8AE6-4D13-8821-65D95BA0946E}.Release|Any CPU.ActiveCfg = Release|Any CPU
		{95B39C9A-8AE6-4D13-8821-65D95BA0946E}.Release|Any CPU.Build.0 = Release|Any CPU
		{EF1E30EA-1EAC-4E0E-9412-7A3CE8E84908}.Debug|Any CPU.ActiveCfg = Debug|Any CPU
		{EF1E30EA-1EAC-4E0E-9412-7A3CE8E84908}.Debug|Any CPU.Build.0 = Debug|Any CPU
		{EF1E30EA-1EAC-4E0E-9412-7A3CE8E84908}.Release|Any CPU.ActiveCfg = Release|Any CPU
		{EF1E30EA-1EAC-4E0E-9412-7A3CE8E84908}.Release|Any CPU.Build.0 = Release|Any CPU
		{E5931356-C895-41C2-A5EE-EF28AE1929AC}.Debug|Any CPU.ActiveCfg = Debug|Any CPU
		{E5931356-C895-41C2-A5EE-EF28AE1929AC}.Debug|Any CPU.Build.0 = Debug|Any CPU
		{E5931356-C895-41C2-A5EE-EF28AE1929AC}.Release|Any CPU.ActiveCfg = Release|Any CPU
		{E5931356-C895-41C2-A5EE-EF28AE1929AC}.Release|Any CPU.Build.0 = Release|Any CPU
		{F768DF0D-0FC6-4D05-AB0B-1C00DB970F74}.Debug|Any CPU.ActiveCfg = Debug|Any CPU
		{F768DF0D-0FC6-4D05-AB0B-1C00DB970F74}.Debug|Any CPU.Build.0 = Debug|Any CPU
		{F768DF0D-0FC6-4D05-AB0B-1C00DB970F74}.Release|Any CPU.ActiveCfg = Release|Any CPU
		{F768DF0D-0FC6-4D05-AB0B-1C00DB970F74}.Release|Any CPU.Build.0 = Release|Any CPU
		{DB88BE8E-7FC2-454B-AE8C-8F3AA14B207B}.Debug|Any CPU.ActiveCfg = Debug|Any CPU
		{DB88BE8E-7FC2-454B-AE8C-8F3AA14B207B}.Debug|Any CPU.Build.0 = Debug|Any CPU
		{DB88BE8E-7FC2-454B-AE8C-8F3AA14B207B}.Release|Any CPU.ActiveCfg = Release|Any CPU
		{DB88BE8E-7FC2-454B-AE8C-8F3AA14B207B}.Release|Any CPU.Build.0 = Release|Any CPU
		{6993D7E8-9100-42CF-9855-3496FB31F7B0}.Debug|Any CPU.ActiveCfg = Debug|Any CPU
		{6993D7E8-9100-42CF-9855-3496FB31F7B0}.Debug|Any CPU.Build.0 = Debug|Any CPU
		{6993D7E8-9100-42CF-9855-3496FB31F7B0}.Release|Any CPU.ActiveCfg = Release|Any CPU
		{6993D7E8-9100-42CF-9855-3496FB31F7B0}.Release|Any CPU.Build.0 = Release|Any CPU
	EndGlobalSection
	GlobalSection(NestedProjects) = preSolution
		{EF1E30EA-1EAC-4E0E-9412-7A3CE8E84908} = {272096BD-EE84-4A4D-A6C5-E37BE47D4C7C}
		{E5931356-C895-41C2-A5EE-EF28AE1929AC} = {92834DD4-B928-4848-915C-4363AAAC784B}
		{F768DF0D-0FC6-4D05-AB0B-1C00DB970F74} = {92834DD4-B928-4848-915C-4363AAAC784B}
		{95B39C9A-8AE6-4D13-8821-65D95BA0946E} = {92834DD4-B928-4848-915C-4363AAAC784B}
		{DB88BE8E-7FC2-454B-AE8C-8F3AA14B207B} = {92834DD4-B928-4848-915C-4363AAAC784B}
		{6993D7E8-9100-42CF-9855-3496FB31F7B0} = {272096BD-EE84-4A4D-A6C5-E37BE47D4C7C}
	EndGlobalSection
EndGlobal
